
Microsoft Visual Studio Solution File, Format Version 12.00
# Visual Studio 2013
VisualStudioVersion = 12.0.40629.0
MinimumVisualStudioVersion = 10.0.40219.1
Project("{FAE04EC0-301F-11D3-BF4B-00C04F79EFBC}") = "Integrator.Connection", "Integrator.Connection.csproj", "{8AB912E8-3B95-4243-B045-3418A1466C25}"
EndProject
Project("{FAE04EC0-301F-11D3-BF4B-00C04F79EFBC}") = "Integrator", "..\Integrator\Integrator.csproj", "{E4567CD2-2B49-4132-9BA5-4DC7BA85161E}"
EndProject
Project("{FAE04EC0-301F-11D3-BF4B-00C04F79EFBC}") = "Integrator.Schema", "..\Integrator.Schema\Integrator.Schema.csproj", "{9636EE04-863E-4C87-85C7-FE7F49673FBE}"
EndProject
Global
	GlobalSection(SolutionConfigurationPlatforms) = preSolution
		Debug|Any CPU = Debug|Any CPU
		Release|Any CPU = Release|Any CPU
	EndGlobalSection
	GlobalSection(ProjectConfigurationPlatforms) = postSolution
		{8AB912E8-3B95-4243-B045-3418A1466C25}.Debug|Any CPU.ActiveCfg = Debug|Any CPU
		{8AB912E8-3B95-4243-B045-3418A1466C25}.Debug|Any CPU.Build.0 = Debug|Any CPU
		{8AB912E8-3B95-4243-B045-3418A1466C25}.Release|Any CPU.ActiveCfg = Release|Any CPU
		{8AB912E8-3B95-4243-B045-3418A1466C25}.Release|Any CPU.Build.0 = Release|Any CPU
		{E4567CD2-2B49-4132-9BA5-4DC7BA85161E}.Debug|Any CPU.ActiveCfg = Debug|Any CPU
		{E4567CD2-2B49-4132-9BA5-4DC7BA85161E}.Debug|Any CPU.Build.0 = Debug|Any CPU
		{E4567CD2-2B49-4132-9BA5-4DC7BA85161E}.Release|Any CPU.ActiveCfg = Release|Any CPU
		{E4567CD2-2B49-4132-9BA5-4DC7BA85161E}.Release|Any CPU.Build.0 = Release|Any CPU
		{9636EE04-863E-4C87-85C7-FE7F49673FBE}.Debug|Any CPU.ActiveCfg = Debug|Any CPU
		{9636EE04-863E-4C87-85C7-FE7F49673FBE}.Debug|Any CPU.Build.0 = Debug|Any CPU
		{9636EE04-863E-4C87-85C7-FE7F49673FBE}.Release|Any CPU.ActiveCfg = Release|Any CPU
		{9636EE04-863E-4C87-85C7-FE7F49673FBE}.Release|Any CPU.Build.0 = Release|Any CPU
	EndGlobalSection
	GlobalSection(SolutionProperties) = preSolution
		HideSolutionNode = FALSE
	EndGlobalSection
EndGlobal
