
Microsoft Visual Studio Solution File, Format Version 11.00
# Visual Studio 2010
Project("{FAE04EC0-301F-11D3-BF4B-00C04F79EFBC}") = "Integrator.Connection", "Integrator.Connection.csproj", "{8AB912E8-3B95-4243-B045-3418A1466C25}"
EndProject
Global
	GlobalSection(SolutionConfigurationPlatforms) = preSolution
		Debug|Any CPU = Debug|Any CPU
		Release|Any CPU = Release|Any CPU
	EndGlobalSection
	GlobalSection(ProjectConfigurationPlatforms) = postSolution
		{8AB912E8-3B95-4243-B045-3418A1466C25}.Debug|Any CPU.ActiveCfg = Debug|Any CPU
		{8AB912E8-3B95-4243-B045-3418A1466C25}.Debug|Any CPU.Build.0 = Debug|Any CPU
		{8AB912E8-3B95-4243-B045-3418A1466C25}.Release|Any CPU.ActiveCfg = Release|Any CPU
		{8AB912E8-3B95-4243-B045-3418A1466C25}.Release|Any CPU.Build.0 = Release|Any CPU
	EndGlobalSection
	GlobalSection(SolutionProperties) = preSolution
		HideSolutionNode = FALSE
	EndGlobalSection
EndGlobal
