
Microsoft Visual Studio Solution File, Format Version 12.00
# Visual Studio 2013
VisualStudioVersion = 12.0.40629.0
MinimumVisualStudioVersion = 10.0.40219.1
Project("{FAE04EC0-301F-11D3-BF4B-00C04F79EFBC}") = "Integrator.Schema.Debug", "Integrator.Schema.Debug.csproj", "{8721321B-9D09-4433-87E8-E32B8C003932}"
EndProject
Project("{FAE04EC0-301F-11D3-BF4B-00C04F79EFBC}") = "Integrator.Schema", "..\Integrator.Schema\Integrator.Schema.csproj", "{9636EE04-863E-4C87-85C7-FE7F49673FBE}"
EndProject
Global
	GlobalSection(SolutionConfigurationPlatforms) = preSolution
		Debug|Any CPU = Debug|Any CPU
		Release|Any CPU = Release|Any CPU
	EndGlobalSection
	GlobalSection(ProjectConfigurationPlatforms) = postSolution
		{8721321B-9D09-4433-87E8-E32B8C003932}.Debug|Any CPU.ActiveCfg = Debug|Any CPU
		{8721321B-9D09-4433-87E8-E32B8C003932}.Debug|Any CPU.Build.0 = Debug|Any CPU
		{8721321B-9D09-4433-87E8-E32B8C003932}.Release|Any CPU.ActiveCfg = Release|Any CPU
		{8721321B-9D09-4433-87E8-E32B8C003932}.Release|Any CPU.Build.0 = Release|Any CPU
		{9636EE04-863E-4C87-85C7-FE7F49673FBE}.Debug|Any CPU.ActiveCfg = Debug|Any CPU
		{9636EE04-863E-4C87-85C7-FE7F49673FBE}.Debug|Any CPU.Build.0 = Debug|Any CPU
		{9636EE04-863E-4C87-85C7-FE7F49673FBE}.Release|Any CPU.ActiveCfg = Release|Any CPU
		{9636EE04-863E-4C87-85C7-FE7F49673FBE}.Release|Any CPU.Build.0 = Release|Any CPU
	EndGlobalSection
	GlobalSection(SolutionProperties) = preSolution
		HideSolutionNode = FALSE
	EndGlobalSection
EndGlobal
